
Microsoft Visual Studio Solution File, Format Version 12.00
# Visual Studio Version 17
VisualStudioVersion = 17.6.33712.159
MinimumVisualStudioVersion = 10.0.40219.1
Project("{FAE04EC0-301F-11D3-BF4B-00C04F79EFBC}") = "Base64PDFConverter", "Base64PDFConverter\Base64PDFConverter.csproj", "{2A18AD38-8D32-4BF0-8FE8-5CD4D27B695E}"
EndProject
Global
	GlobalSection(SolutionConfigurationPlatforms) = preSolution
		Debug|Any CPU = Debug|Any CPU
		Release|Any CPU = Release|Any CPU
	EndGlobalSection
	GlobalSection(ProjectConfigurationPlatforms) = postSolution
		{2A18AD38-8D32-4BF0-8FE8-5CD4D27B695E}.Debug|Any CPU.ActiveCfg = Debug|Any CPU
		{2A18AD38-8D32-4BF0-8FE8-5CD4D27B695E}.Debug|Any CPU.Build.0 = Debug|Any CPU
		{2A18AD38-8D32-4BF0-8FE8-5CD4D27B695E}.Release|Any CPU.ActiveCfg = Release|Any CPU
		{2A18AD38-8D32-4BF0-8FE8-5CD4D27B695E}.Release|Any CPU.Build.0 = Release|Any CPU
	EndGlobalSection
	GlobalSection(SolutionProperties) = preSolution
		HideSolutionNode = FALSE
	EndGlobalSection
	GlobalSection(ExtensibilityGlobals) = postSolution
		SolutionGuid = {2E698340-A47B-4012-A3DA-8AC8F038B52C}
	EndGlobalSection
EndGlobal
